
Microsoft Visual Studio Solution File, Format Version 12.00
# Visual Studio Version 16
VisualStudioVersion = 16.0.28803.452
MinimumVisualStudioVersion = 10.0.40219.1
Project("{FAE04EC0-301F-11D3-BF4B-00C04F79EFBC}") = "WebScraper", "WebScraper\WebScraper.csproj", "{1EABDB71-F38E-4138-BC59-4EC656C6F2BD}"
EndProject
Project("{FAE04EC0-301F-11D3-BF4B-00C04F79EFBC}") = "WebScraperAPIExample", "WebScraperAPIExample\WebScraperAPIExample.csproj", "{06377F96-175C-4641-85C2-0D3290D5CE79}"
EndProject
Project("{FAE04EC0-301F-11D3-BF4B-00C04F79EFBC}") = "OnlineExample", "OnlineExample\OnlineExample.csproj", "{1312B3E7-A89A-46A4-B196-A4A78BCC7A03}"
EndProject
Project("{FAE04EC0-301F-11D3-BF4B-00C04F79EFBC}") = "Parameters", "Parameters\Parameters.csproj", "{49CA637C-E2EC-439C-888D-7BCA3B53BAD4}"
EndProject
Project("{FAE04EC0-301F-11D3-BF4B-00C04F79EFBC}") = "HaveIBeenPwnedApi", "HaveIBeenPwnedApi\HaveIBeenPwnedApi.csproj", "{8FB4F6C6-C111-4079-8101-5C90D291BE64}"
EndProject
Project("{FAE04EC0-301F-11D3-BF4B-00C04F79EFBC}") = "HaveIBeenPwnedButBetter", "HaveIBeenPwnedButBetter\HaveIBeenPwnedButBetter.csproj", "{A24D9657-0AB9-4882-816E-AD4DC18CEF44}"
EndProject
Project("{FAE04EC0-301F-11D3-BF4B-00C04F79EFBC}") = "HaveIBeenPwnedFromScratch", "HaveIBeenPwnedFromScratch\HaveIBeenPwnedFromScratch.csproj", "{17046DBB-257B-4F3C-A693-5D9E65A54F15}"
EndProject
Project("{FAE04EC0-301F-11D3-BF4B-00C04F79EFBC}") = "HasCMoGBeenPwned", "HasCMoGBeenPwned\HasCMoGBeenPwned.csproj", "{BADC8D2D-FB72-4883-BCC4-D5115EB01852}"
EndProject
Global
	GlobalSection(SolutionConfigurationPlatforms) = preSolution
		Debug|Any CPU = Debug|Any CPU
		Release|Any CPU = Release|Any CPU
	EndGlobalSection
	GlobalSection(ProjectConfigurationPlatforms) = postSolution
		{1EABDB71-F38E-4138-BC59-4EC656C6F2BD}.Debug|Any CPU.ActiveCfg = Debug|Any CPU
		{1EABDB71-F38E-4138-BC59-4EC656C6F2BD}.Debug|Any CPU.Build.0 = Debug|Any CPU
		{1EABDB71-F38E-4138-BC59-4EC656C6F2BD}.Release|Any CPU.ActiveCfg = Release|Any CPU
		{1EABDB71-F38E-4138-BC59-4EC656C6F2BD}.Release|Any CPU.Build.0 = Release|Any CPU
		{06377F96-175C-4641-85C2-0D3290D5CE79}.Debug|Any CPU.ActiveCfg = Debug|Any CPU
		{06377F96-175C-4641-85C2-0D3290D5CE79}.Debug|Any CPU.Build.0 = Debug|Any CPU
		{06377F96-175C-4641-85C2-0D3290D5CE79}.Release|Any CPU.ActiveCfg = Release|Any CPU
		{06377F96-175C-4641-85C2-0D3290D5CE79}.Release|Any CPU.Build.0 = Release|Any CPU
		{1312B3E7-A89A-46A4-B196-A4A78BCC7A03}.Debug|Any CPU.ActiveCfg = Debug|Any CPU
		{1312B3E7-A89A-46A4-B196-A4A78BCC7A03}.Debug|Any CPU.Build.0 = Debug|Any CPU
		{1312B3E7-A89A-46A4-B196-A4A78BCC7A03}.Release|Any CPU.ActiveCfg = Release|Any CPU
		{1312B3E7-A89A-46A4-B196-A4A78BCC7A03}.Release|Any CPU.Build.0 = Release|Any CPU
		{49CA637C-E2EC-439C-888D-7BCA3B53BAD4}.Debug|Any CPU.ActiveCfg = Debug|Any CPU
		{49CA637C-E2EC-439C-888D-7BCA3B53BAD4}.Debug|Any CPU.Build.0 = Debug|Any CPU
		{49CA637C-E2EC-439C-888D-7BCA3B53BAD4}.Release|Any CPU.ActiveCfg = Release|Any CPU
		{49CA637C-E2EC-439C-888D-7BCA3B53BAD4}.Release|Any CPU.Build.0 = Release|Any CPU
		{8FB4F6C6-C111-4079-8101-5C90D291BE64}.Debug|Any CPU.ActiveCfg = Debug|Any CPU
		{8FB4F6C6-C111-4079-8101-5C90D291BE64}.Debug|Any CPU.Build.0 = Debug|Any CPU
		{8FB4F6C6-C111-4079-8101-5C90D291BE64}.Release|Any CPU.ActiveCfg = Release|Any CPU
		{8FB4F6C6-C111-4079-8101-5C90D291BE64}.Release|Any CPU.Build.0 = Release|Any CPU
		{A24D9657-0AB9-4882-816E-AD4DC18CEF44}.Debug|Any CPU.ActiveCfg = Debug|Any CPU
		{A24D9657-0AB9-4882-816E-AD4DC18CEF44}.Debug|Any CPU.Build.0 = Debug|Any CPU
		{A24D9657-0AB9-4882-816E-AD4DC18CEF44}.Release|Any CPU.ActiveCfg = Release|Any CPU
		{A24D9657-0AB9-4882-816E-AD4DC18CEF44}.Release|Any CPU.Build.0 = Release|Any CPU
		{17046DBB-257B-4F3C-A693-5D9E65A54F15}.Debug|Any CPU.ActiveCfg = Debug|Any CPU
		{17046DBB-257B-4F3C-A693-5D9E65A54F15}.Debug|Any CPU.Build.0 = Debug|Any CPU
		{17046DBB-257B-4F3C-A693-5D9E65A54F15}.Release|Any CPU.ActiveCfg = Release|Any CPU
		{17046DBB-257B-4F3C-A693-5D9E65A54F15}.Release|Any CPU.Build.0 = Release|Any CPU
		{BADC8D2D-FB72-4883-BCC4-D5115EB01852}.Debug|Any CPU.ActiveCfg = Debug|Any CPU
		{BADC8D2D-FB72-4883-BCC4-D5115EB01852}.Debug|Any CPU.Build.0 = Debug|Any CPU
		{BADC8D2D-FB72-4883-BCC4-D5115EB01852}.Release|Any CPU.ActiveCfg = Release|Any CPU
		{BADC8D2D-FB72-4883-BCC4-D5115EB01852}.Release|Any CPU.Build.0 = Release|Any CPU
	EndGlobalSection
	GlobalSection(SolutionProperties) = preSolution
		HideSolutionNode = FALSE
	EndGlobalSection
	GlobalSection(ExtensibilityGlobals) = postSolution
		SolutionGuid = {F9656F3A-9131-49A0-ADB2-E0FB3BFC2DE9}
	EndGlobalSection
EndGlobal
